lockfileVersion: '9.0'

settings:
  autoInstallPeers: true
  excludeLinksFromLockfile: false

importers:

  .:
    dependencies:
      pnpm:
        specifier: ^9.14.2
        version: 9.14.4

packages:

  pnpm@9.14.4:
    resolution: {integrity: sha512-yBgLP75OS8oCyUI0cXiWtVKXQKbLrfGfp4JUJwQD6i8n1OHUagig9WyJtj3I6/0+5TMm2nICc3lOYgD88NGEqw==}
    engines: {node: '>=18.12'}
    hasBin: true

snapshots:

  pnpm@9.14.4: {}
